
Microsoft Visual Studio Solution File, Format Version 12.00
# Visual Studio 15
VisualStudioVersion = 15.0.28307.960
MinimumVisualStudioVersion = 10.0.40219.1
Project("{2150E333-8FDC-42A3-9474-1A3956D46DE8}") = "UI", "UI", "{362AC0A6-3290-4217-92B1-84F9818DED7E}"
EndProject
Project("{2150E333-8FDC-42A3-9474-1A3956D46DE8}") = "DAL", "DAL", "{C9314067-0B61-40F9-B37F-4F09BCB8EC55}"
EndProject
Project("{2150E333-8FDC-42A3-9474-1A3956D46DE8}") = "BLL", "BLL", "{0557DFA1-9A02-46C5-B3D5-537A822A410D}"
EndProject
Project("{2150E333-8FDC-42A3-9474-1A3956D46DE8}") = "Model", "Model", "{D876982D-A02A-42DB-B5DA-4B82CB2C6C27}"
EndProject
Project("{2150E333-8FDC-42A3-9474-1A3956D46DE8}") = "Common", "Common", "{E0F98666-0A1C-41FF-AFB1-BF1A9FF9FABF}"
EndProject
Project("{FAE04EC0-301F-11D3-BF4B-00C04F79EFBC}") = "Lot.Model", "Lot.Model\Lot.Model.csproj", "{50EAD3A6-E3C3-468B-B217-9FBD09059398}"
EndProject
Project("{FAE04EC0-301F-11D3-BF4B-00C04F79EFBC}") = "Lot.Bll", "Lot.BLL\Lot.Bll.csproj", "{BFF24E5F-CCD7-40A3-87D4-C5E4D1792883}"
EndProject
Project("{FAE04EC0-301F-11D3-BF4B-00C04F79EFBC}") = "Lot.IBll", "Lot.IBLL\Lot.IBll.csproj", "{97DFB02E-5F57-46BB-9C98-EF362E44943C}"
EndProject
Project("{FAE04EC0-301F-11D3-BF4B-00C04F79EFBC}") = "Lot.Dal", "Lot.DAL\Lot.Dal.csproj", "{15AEFC36-C5D0-4EFB-AEB8-29F3DD804A86}"
EndProject
Project("{FAE04EC0-301F-11D3-BF4B-00C04F79EFBC}") = "Lot.IDal", "Lot.IDAL\Lot.IDal.csproj", "{A6D89B90-7ED7-49B9-9FB7-89963D05F63B}"
EndProject
Project("{FAE04EC0-301F-11D3-BF4B-00C04F79EFBC}") = "Lot.UI", "Lot.UI\Lot.UI.csproj", "{77691B1D-BBA7-448A-B552-133CBA3C6CF5}"
EndProject
Project("{FAE04EC0-301F-11D3-BF4B-00C04F79EFBC}") = "Lot.DalFactory", "Lot.DalFactory\Lot.DalFactory.csproj", "{8637D4AE-85DD-4998-9BDE-251F3386161D}"
EndProject
Global
	GlobalSection(SolutionConfigurationPlatforms) = preSolution
		Debug|Any CPU = Debug|Any CPU
		Release|Any CPU = Release|Any CPU
	EndGlobalSection
	GlobalSection(ProjectConfigurationPlatforms) = postSolution
		{50EAD3A6-E3C3-468B-B217-9FBD09059398}.Debug|Any CPU.ActiveCfg = Debug|Any CPU
		{50EAD3A6-E3C3-468B-B217-9FBD09059398}.Debug|Any CPU.Build.0 = Debug|Any CPU
		{50EAD3A6-E3C3-468B-B217-9FBD09059398}.Release|Any CPU.ActiveCfg = Release|Any CPU
		{50EAD3A6-E3C3-468B-B217-9FBD09059398}.Release|Any CPU.Build.0 = Release|Any CPU
		{BFF24E5F-CCD7-40A3-87D4-C5E4D1792883}.Debug|Any CPU.ActiveCfg = Debug|Any CPU
		{BFF24E5F-CCD7-40A3-87D4-C5E4D1792883}.Debug|Any CPU.Build.0 = Debug|Any CPU
		{BFF24E5F-CCD7-40A3-87D4-C5E4D1792883}.Release|Any CPU.ActiveCfg = Release|Any CPU
		{BFF24E5F-CCD7-40A3-87D4-C5E4D1792883}.Release|Any CPU.Build.0 = Release|Any CPU
		{97DFB02E-5F57-46BB-9C98-EF362E44943C}.Debug|Any CPU.ActiveCfg = Debug|Any CPU
		{97DFB02E-5F57-46BB-9C98-EF362E44943C}.Debug|Any CPU.Build.0 = Debug|Any CPU
		{97DFB02E-5F57-46BB-9C98-EF362E44943C}.Release|Any CPU.ActiveCfg = Release|Any CPU
		{97DFB02E-5F57-46BB-9C98-EF362E44943C}.Release|Any CPU.Build.0 = Release|Any CPU
		{15AEFC36-C5D0-4EFB-AEB8-29F3DD804A86}.Debug|Any CPU.ActiveCfg = Debug|Any CPU
		{15AEFC36-C5D0-4EFB-AEB8-29F3DD804A86}.Debug|Any CPU.Build.0 = Debug|Any CPU
		{15AEFC36-C5D0-4EFB-AEB8-29F3DD804A86}.Release|Any CPU.ActiveCfg = Release|Any CPU
		{15AEFC36-C5D0-4EFB-AEB8-29F3DD804A86}.Release|Any CPU.Build.0 = Release|Any CPU
		{A6D89B90-7ED7-49B9-9FB7-89963D05F63B}.Debug|Any CPU.ActiveCfg = Debug|Any CPU
		{A6D89B90-7ED7-49B9-9FB7-89963D05F63B}.Debug|Any CPU.Build.0 = Debug|Any CPU
		{A6D89B90-7ED7-49B9-9FB7-89963D05F63B}.Release|Any CPU.ActiveCfg = Release|Any CPU
		{A6D89B90-7ED7-49B9-9FB7-89963D05F63B}.Release|Any CPU.Build.0 = Release|Any CPU
		{77691B1D-BBA7-448A-B552-133CBA3C6CF5}.Debug|Any CPU.ActiveCfg = Debug|Any CPU
		{77691B1D-BBA7-448A-B552-133CBA3C6CF5}.Debug|Any CPU.Build.0 = Debug|Any CPU
		{77691B1D-BBA7-448A-B552-133CBA3C6CF5}.Release|Any CPU.ActiveCfg = Release|Any CPU
		{77691B1D-BBA7-448A-B552-133CBA3C6CF5}.Release|Any CPU.Build.0 = Release|Any CPU
		{8637D4AE-85DD-4998-9BDE-251F3386161D}.Debug|Any CPU.ActiveCfg = Debug|Any CPU
		{8637D4AE-85DD-4998-9BDE-251F3386161D}.Debug|Any CPU.Build.0 = Debug|Any CPU
		{8637D4AE-85DD-4998-9BDE-251F3386161D}.Release|Any CPU.ActiveCfg = Release|Any CPU
		{8637D4AE-85DD-4998-9BDE-251F3386161D}.Release|Any CPU.Build.0 = Release|Any CPU
	EndGlobalSection
	GlobalSection(SolutionProperties) = preSolution
		HideSolutionNode = FALSE
	EndGlobalSection
	GlobalSection(NestedProjects) = preSolution
		{50EAD3A6-E3C3-468B-B217-9FBD09059398} = {D876982D-A02A-42DB-B5DA-4B82CB2C6C27}
		{BFF24E5F-CCD7-40A3-87D4-C5E4D1792883} = {0557DFA1-9A02-46C5-B3D5-537A822A410D}
		{97DFB02E-5F57-46BB-9C98-EF362E44943C} = {0557DFA1-9A02-46C5-B3D5-537A822A410D}
		{15AEFC36-C5D0-4EFB-AEB8-29F3DD804A86} = {C9314067-0B61-40F9-B37F-4F09BCB8EC55}
		{A6D89B90-7ED7-49B9-9FB7-89963D05F63B} = {C9314067-0B61-40F9-B37F-4F09BCB8EC55}
		{77691B1D-BBA7-448A-B552-133CBA3C6CF5} = {362AC0A6-3290-4217-92B1-84F9818DED7E}
		{8637D4AE-85DD-4998-9BDE-251F3386161D} = {C9314067-0B61-40F9-B37F-4F09BCB8EC55}
	EndGlobalSection
	GlobalSection(ExtensibilityGlobals) = postSolution
		SolutionGuid = {F0D940D6-3DB4-4E79-8C1D-CE11380787FC}
	EndGlobalSection
EndGlobal
